
Microsoft Visual Studio Solution File, Format Version 12.00
# Visual Studio Version 17
VisualStudioVersion = 17.13.35825.156 d17.13
MinimumVisualStudioVersion = 10.0.40219.1
Project("{FAE04EC0-301F-11D3-BF4B-00C04F79EFBC}") = "GivingGardenBE", "GivingGardenBE.csproj", "{80442701-CC54-43BD-B803-B3C9924BCFBF}"
EndProject
Global
	GlobalSection(SolutionConfigurationPlatforms) = preSolution
		Debug|Any CPU = Debug|Any CPU
		Release|Any CPU = Release|Any CPU
	EndGlobalSection
	GlobalSection(ProjectConfigurationPlatforms) = postSolution
		{80442701-CC54-43BD-B803-B3C9924BCFBF}.Debug|Any CPU.ActiveCfg = Debug|Any CPU
		{80442701-CC54-43BD-B803-B3C9924BCFBF}.Debug|Any CPU.Build.0 = Debug|Any CPU
		{80442701-CC54-43BD-B803-B3C9924BCFBF}.Release|Any CPU.ActiveCfg = Release|Any CPU
		{80442701-CC54-43BD-B803-B3C9924BCFBF}.Release|Any CPU.Build.0 = Release|Any CPU
	EndGlobalSection
	GlobalSection(SolutionProperties) = preSolution
		HideSolutionNode = FALSE
	EndGlobalSection
	GlobalSection(ExtensibilityGlobals) = postSolution
		SolutionGuid = {2C8A89EA-49E6-44CB-A79D-C79287E9BF47}
	EndGlobalSection
EndGlobal
